
Microsoft Visual Studio Solution File, Format Version 12.00
# Visual Studio 15
VisualStudioVersion = 15.0.27428.2043
MinimumVisualStudioVersion = 10.0.40219.1
Project("{FAE04EC0-301F-11D3-BF4B-00C04F79EFBC}") = "MySoftware", "MySoftware\MySoftware.csproj", "{5192457B-EF26-453D-BC67-8BE926F35A0B}"
EndProject
Project("{FAE04EC0-301F-11D3-BF4B-00C04F79EFBC}") = "Tests.xUnit", "Tests.xUnit\Tests.xUnit.csproj", "{13D30DB8-B873-4F13-BE2E-9B10A0CE5F7D}"
EndProject
Project("{FAE04EC0-301F-11D3-BF4B-00C04F79EFBC}") = "Tests.NUnit", "Tests.NUnit\Tests.NUnit.csproj", "{0BD8834A-40A3-4CA5-8D4F-D9926C03496F}"
EndProject
Project("{FAE04EC0-301F-11D3-BF4B-00C04F79EFBC}") = "Tests.MSTest", "Tests.MSTest\Tests.MSTest.csproj", "{1D66AA17-A246-4A98-8F65-F202560F97A2}"
EndProject
Global
	GlobalSection(SolutionConfigurationPlatforms) = preSolution
		Debug|Any CPU = Debug|Any CPU
		Release|Any CPU = Release|Any CPU
	EndGlobalSection
	GlobalSection(ProjectConfigurationPlatforms) = postSolution
		{5192457B-EF26-453D-BC67-8BE926F35A0B}.Debug|Any CPU.ActiveCfg = Debug|Any CPU
		{5192457B-EF26-453D-BC67-8BE926F35A0B}.Debug|Any CPU.Build.0 = Debug|Any CPU
		{5192457B-EF26-453D-BC67-8BE926F35A0B}.Release|Any CPU.ActiveCfg = Release|Any CPU
		{5192457B-EF26-453D-BC67-8BE926F35A0B}.Release|Any CPU.Build.0 = Release|Any CPU
		{13D30DB8-B873-4F13-BE2E-9B10A0CE5F7D}.Debug|Any CPU.ActiveCfg = Debug|Any CPU
		{13D30DB8-B873-4F13-BE2E-9B10A0CE5F7D}.Debug|Any CPU.Build.0 = Debug|Any CPU
		{13D30DB8-B873-4F13-BE2E-9B10A0CE5F7D}.Release|Any CPU.ActiveCfg = Release|Any CPU
		{13D30DB8-B873-4F13-BE2E-9B10A0CE5F7D}.Release|Any CPU.Build.0 = Release|Any CPU
		{0BD8834A-40A3-4CA5-8D4F-D9926C03496F}.Debug|Any CPU.ActiveCfg = Debug|Any CPU
		{0BD8834A-40A3-4CA5-8D4F-D9926C03496F}.Debug|Any CPU.Build.0 = Debug|Any CPU
		{0BD8834A-40A3-4CA5-8D4F-D9926C03496F}.Release|Any CPU.ActiveCfg = Release|Any CPU
		{0BD8834A-40A3-4CA5-8D4F-D9926C03496F}.Release|Any CPU.Build.0 = Release|Any CPU
		{1D66AA17-A246-4A98-8F65-F202560F97A2}.Debug|Any CPU.ActiveCfg = Debug|Any CPU
		{1D66AA17-A246-4A98-8F65-F202560F97A2}.Debug|Any CPU.Build.0 = Debug|Any CPU
		{1D66AA17-A246-4A98-8F65-F202560F97A2}.Release|Any CPU.ActiveCfg = Release|Any CPU
		{1D66AA17-A246-4A98-8F65-F202560F97A2}.Release|Any CPU.Build.0 = Release|Any CPU
	EndGlobalSection
	GlobalSection(SolutionProperties) = preSolution
		HideSolutionNode = FALSE
	EndGlobalSection
	GlobalSection(ExtensibilityGlobals) = postSolution
		SolutionGuid = {6D777D73-8968-4A39-84A4-F4D04554DB51}
	EndGlobalSection
EndGlobal
